
Microsoft Visual Studio Solution File, Format Version 12.00
# Visual Studio Version 17
VisualStudioVersion = 17.0.31903.59
MinimumVisualStudioVersion = 10.0.40219.1
Project("{FAE04EC0-301F-11D3-BF4B-00C04F79EFBC}") = "ChapLog.AppHost", "ChapLog.AppHost\ChapLog.AppHost.csproj", "{F1C8C76A-FCEC-466B-B48E-5ACB88176F1B}"
EndProject
Project("{FAE04EC0-301F-11D3-BF4B-00C04F79EFBC}") = "ChapLog.ServiceDefaults", "ChapLog.ServiceDefaults\ChapLog.ServiceDefaults.csproj", "{F8D0015B-1101-416A-AA09-9C096E80ED31}"
EndProject
Project("{FAE04EC0-301F-11D3-BF4B-00C04F79EFBC}") = "ChapLog.Api", "ChapLog.Api\ChapLog.Api.csproj", "{273C9A28-A1A1-4B84-8B8C-47464E19EA8B}"
EndProject
Project("{FAE04EC0-301F-11D3-BF4B-00C04F79EFBC}") = "ChapLog.Core", "ChapLog.Core\ChapLog.Core.csproj", "{28B89193-C161-4D54-9F5C-26A6F771F62E}"
EndProject
Project("{FAE04EC0-301F-11D3-BF4B-00C04F79EFBC}") = "ChapLog.Infrastructure", "ChapLog.Infrastructure\ChapLog.Infrastructure.csproj", "{61674DC7-BE79-4F81-A510-7244C1AD4CFD}"
EndProject
Project("{FAE04EC0-301F-11D3-BF4B-00C04F79EFBC}") = "ChapLog.MigrationService", "ChapLog.MigrationService\ChapLog.MigrationService.csproj", "{C7BF22B6-0316-497A-84C7-88F8487C764E}"
EndProject
Project("{2150E333-8FDC-42A3-9474-1A3956D46DE8}") = "ChapLog.Tests", "ChapLog.Tests", "{69E2E6E5-59CA-7F3A-48AD-0525FCEB71FE}"
EndProject
Project("{FAE04EC0-301F-11D3-BF4B-00C04F79EFBC}") = "ChapLog.UnitTests", "ChapLog.Tests\ChapLog.UnitTests\ChapLog.UnitTests.csproj", "{FF9F316A-C56B-4F06-975D-7EA8307FC09F}"
EndProject
Project("{FAE04EC0-301F-11D3-BF4B-00C04F79EFBC}") = "ChapLog.IntegrationTests", "ChapLog.Tests\ChapLog.IntegrationTests\ChapLog.IntegrationTests.csproj", "{E0BC6E4C-670C-4D3E-812A-D14B578A5118}"
EndProject
Project("{FAE04EC0-301F-11D3-BF4B-00C04F79EFBC}") = "ChapLog.E2ETests", "ChapLog.Tests\ChapLog.E2ETests\ChapLog.E2ETests.csproj", "{8C28414F-D857-44B8-8D92-B6DD2B372612}"
EndProject
Global
	GlobalSection(SolutionConfigurationPlatforms) = preSolution
		Debug|Any CPU = Debug|Any CPU
		Debug|x64 = Debug|x64
		Debug|x86 = Debug|x86
		Release|Any CPU = Release|Any CPU
		Release|x64 = Release|x64
		Release|x86 = Release|x86
	EndGlobalSection
	GlobalSection(ProjectConfigurationPlatforms) = postSolution
		{F1C8C76A-FCEC-466B-B48E-5ACB88176F1B}.Debug|Any CPU.ActiveCfg = Debug|Any CPU
		{F1C8C76A-FCEC-466B-B48E-5ACB88176F1B}.Debug|Any CPU.Build.0 = Debug|Any CPU
		{F1C8C76A-FCEC-466B-B48E-5ACB88176F1B}.Debug|x64.ActiveCfg = Debug|Any CPU
		{F1C8C76A-FCEC-466B-B48E-5ACB88176F1B}.Debug|x64.Build.0 = Debug|Any CPU
		{F1C8C76A-FCEC-466B-B48E-5ACB88176F1B}.Debug|x86.ActiveCfg = Debug|Any CPU
		{F1C8C76A-FCEC-466B-B48E-5ACB88176F1B}.Debug|x86.Build.0 = Debug|Any CPU
		{F1C8C76A-FCEC-466B-B48E-5ACB88176F1B}.Release|Any CPU.ActiveCfg = Release|Any CPU
		{F1C8C76A-FCEC-466B-B48E-5ACB88176F1B}.Release|Any CPU.Build.0 = Release|Any CPU
		{F1C8C76A-FCEC-466B-B48E-5ACB88176F1B}.Release|x64.ActiveCfg = Release|Any CPU
		{F1C8C76A-FCEC-466B-B48E-5ACB88176F1B}.Release|x64.Build.0 = Release|Any CPU
		{F1C8C76A-FCEC-466B-B48E-5ACB88176F1B}.Release|x86.ActiveCfg = Release|Any CPU
		{F1C8C76A-FCEC-466B-B48E-5ACB88176F1B}.Release|x86.Build.0 = Release|Any CPU
		{F8D0015B-1101-416A-AA09-9C096E80ED31}.Debug|Any CPU.ActiveCfg = Debug|Any CPU
		{F8D0015B-1101-416A-AA09-9C096E80ED31}.Debug|Any CPU.Build.0 = Debug|Any CPU
		{F8D0015B-1101-416A-AA09-9C096E80ED31}.Debug|x64.ActiveCfg = Debug|Any CPU
		{F8D0015B-1101-416A-AA09-9C096E80ED31}.Debug|x64.Build.0 = Debug|Any CPU
		{F8D0015B-1101-416A-AA09-9C096E80ED31}.Debug|x86.ActiveCfg = Debug|Any CPU
		{F8D0015B-1101-416A-AA09-9C096E80ED31}.Debug|x86.Build.0 = Debug|Any CPU
		{F8D0015B-1101-416A-AA09-9C096E80ED31}.Release|Any CPU.ActiveCfg = Release|Any CPU
		{F8D0015B-1101-416A-AA09-9C096E80ED31}.Release|Any CPU.Build.0 = Release|Any CPU
		{F8D0015B-1101-416A-AA09-9C096E80ED31}.Release|x64.ActiveCfg = Release|Any CPU
		{F8D0015B-1101-416A-AA09-9C096E80ED31}.Release|x64.Build.0 = Release|Any CPU
		{F8D0015B-1101-416A-AA09-9C096E80ED31}.Release|x86.ActiveCfg = Release|Any CPU
		{F8D0015B-1101-416A-AA09-9C096E80ED31}.Release|x86.Build.0 = Release|Any CPU
		{273C9A28-A1A1-4B84-8B8C-47464E19EA8B}.Debug|Any CPU.ActiveCfg = Debug|Any CPU
		{273C9A28-A1A1-4B84-8B8C-47464E19EA8B}.Debug|Any CPU.Build.0 = Debug|Any CPU
		{273C9A28-A1A1-4B84-8B8C-47464E19EA8B}.Debug|x64.ActiveCfg = Debug|Any CPU
		{273C9A28-A1A1-4B84-8B8C-47464E19EA8B}.Debug|x64.Build.0 = Debug|Any CPU
		{273C9A28-A1A1-4B84-8B8C-47464E19EA8B}.Debug|x86.ActiveCfg = Debug|Any CPU
		{273C9A28-A1A1-4B84-8B8C-47464E19EA8B}.Debug|x86.Build.0 = Debug|Any CPU
		{273C9A28-A1A1-4B84-8B8C-47464E19EA8B}.Release|Any CPU.ActiveCfg = Release|Any CPU
		{273C9A28-A1A1-4B84-8B8C-47464E19EA8B}.Release|Any CPU.Build.0 = Release|Any CPU
		{273C9A28-A1A1-4B84-8B8C-47464E19EA8B}.Release|x64.ActiveCfg = Release|Any CPU
		{273C9A28-A1A1-4B84-8B8C-47464E19EA8B}.Release|x64.Build.0 = Release|Any CPU
		{273C9A28-A1A1-4B84-8B8C-47464E19EA8B}.Release|x86.ActiveCfg = Release|Any CPU
		{273C9A28-A1A1-4B84-8B8C-47464E19EA8B}.Release|x86.Build.0 = Release|Any CPU
		{28B89193-C161-4D54-9F5C-26A6F771F62E}.Debug|Any CPU.ActiveCfg = Debug|Any CPU
		{28B89193-C161-4D54-9F5C-26A6F771F62E}.Debug|Any CPU.Build.0 = Debug|Any CPU
		{28B89193-C161-4D54-9F5C-26A6F771F62E}.Debug|x64.ActiveCfg = Debug|Any CPU
		{28B89193-C161-4D54-9F5C-26A6F771F62E}.Debug|x64.Build.0 = Debug|Any CPU
		{28B89193-C161-4D54-9F5C-26A6F771F62E}.Debug|x86.ActiveCfg = Debug|Any CPU
		{28B89193-C161-4D54-9F5C-26A6F771F62E}.Debug|x86.Build.0 = Debug|Any CPU
		{28B89193-C161-4D54-9F5C-26A6F771F62E}.Release|Any CPU.ActiveCfg = Release|Any CPU
		{28B89193-C161-4D54-9F5C-26A6F771F62E}.Release|Any CPU.Build.0 = Release|Any CPU
		{28B89193-C161-4D54-9F5C-26A6F771F62E}.Release|x64.ActiveCfg = Release|Any CPU
		{28B89193-C161-4D54-9F5C-26A6F771F62E}.Release|x64.Build.0 = Release|Any CPU
		{28B89193-C161-4D54-9F5C-26A6F771F62E}.Release|x86.ActiveCfg = Release|Any CPU
		{28B89193-C161-4D54-9F5C-26A6F771F62E}.Release|x86.Build.0 = Release|Any CPU
		{61674DC7-BE79-4F81-A510-7244C1AD4CFD}.Debug|Any CPU.ActiveCfg = Debug|Any CPU
		{61674DC7-BE79-4F81-A510-7244C1AD4CFD}.Debug|Any CPU.Build.0 = Debug|Any CPU
		{61674DC7-BE79-4F81-A510-7244C1AD4CFD}.Debug|x64.ActiveCfg = Debug|Any CPU
		{61674DC7-BE79-4F81-A510-7244C1AD4CFD}.Debug|x64.Build.0 = Debug|Any CPU
		{61674DC7-BE79-4F81-A510-7244C1AD4CFD}.Debug|x86.ActiveCfg = Debug|Any CPU
		{61674DC7-BE79-4F81-A510-7244C1AD4CFD}.Debug|x86.Build.0 = Debug|Any CPU
		{61674DC7-BE79-4F81-A510-7244C1AD4CFD}.Release|Any CPU.ActiveCfg = Release|Any CPU
		{61674DC7-BE79-4F81-A510-7244C1AD4CFD}.Release|Any CPU.Build.0 = Release|Any CPU
		{61674DC7-BE79-4F81-A510-7244C1AD4CFD}.Release|x64.ActiveCfg = Release|Any CPU
		{61674DC7-BE79-4F81-A510-7244C1AD4CFD}.Release|x64.Build.0 = Release|Any CPU
		{61674DC7-BE79-4F81-A510-7244C1AD4CFD}.Release|x86.ActiveCfg = Release|Any CPU
		{61674DC7-BE79-4F81-A510-7244C1AD4CFD}.Release|x86.Build.0 = Release|Any CPU
		{C7BF22B6-0316-497A-84C7-88F8487C764E}.Debug|Any CPU.ActiveCfg = Debug|Any CPU
		{C7BF22B6-0316-497A-84C7-88F8487C764E}.Debug|Any CPU.Build.0 = Debug|Any CPU
		{C7BF22B6-0316-497A-84C7-88F8487C764E}.Debug|x64.ActiveCfg = Debug|Any CPU
		{C7BF22B6-0316-497A-84C7-88F8487C764E}.Debug|x64.Build.0 = Debug|Any CPU
		{C7BF22B6-0316-497A-84C7-88F8487C764E}.Debug|x86.ActiveCfg = Debug|Any CPU
		{C7BF22B6-0316-497A-84C7-88F8487C764E}.Debug|x86.Build.0 = Debug|Any CPU
		{C7BF22B6-0316-497A-84C7-88F8487C764E}.Release|Any CPU.ActiveCfg = Release|Any CPU
		{C7BF22B6-0316-497A-84C7-88F8487C764E}.Release|Any CPU.Build.0 = Release|Any CPU
		{C7BF22B6-0316-497A-84C7-88F8487C764E}.Release|x64.ActiveCfg = Release|Any CPU
		{C7BF22B6-0316-497A-84C7-88F8487C764E}.Release|x64.Build.0 = Release|Any CPU
		{C7BF22B6-0316-497A-84C7-88F8487C764E}.Release|x86.ActiveCfg = Release|Any CPU
		{C7BF22B6-0316-497A-84C7-88F8487C764E}.Release|x86.Build.0 = Release|Any CPU
		{FF9F316A-C56B-4F06-975D-7EA8307FC09F}.Debug|Any CPU.ActiveCfg = Debug|Any CPU
		{FF9F316A-C56B-4F06-975D-7EA8307FC09F}.Debug|Any CPU.Build.0 = Debug|Any CPU
		{FF9F316A-C56B-4F06-975D-7EA8307FC09F}.Debug|x64.ActiveCfg = Debug|Any CPU
		{FF9F316A-C56B-4F06-975D-7EA8307FC09F}.Debug|x64.Build.0 = Debug|Any CPU
		{FF9F316A-C56B-4F06-975D-7EA8307FC09F}.Debug|x86.ActiveCfg = Debug|Any CPU
		{FF9F316A-C56B-4F06-975D-7EA8307FC09F}.Debug|x86.Build.0 = Debug|Any CPU
		{FF9F316A-C56B-4F06-975D-7EA8307FC09F}.Release|Any CPU.ActiveCfg = Release|Any CPU
		{FF9F316A-C56B-4F06-975D-7EA8307FC09F}.Release|Any CPU.Build.0 = Release|Any CPU
		{FF9F316A-C56B-4F06-975D-7EA8307FC09F}.Release|x64.ActiveCfg = Release|Any CPU
		{FF9F316A-C56B-4F06-975D-7EA8307FC09F}.Release|x64.Build.0 = Release|Any CPU
		{FF9F316A-C56B-4F06-975D-7EA8307FC09F}.Release|x86.ActiveCfg = Release|Any CPU
		{FF9F316A-C56B-4F06-975D-7EA8307FC09F}.Release|x86.Build.0 = Release|Any CPU
		{E0BC6E4C-670C-4D3E-812A-D14B578A5118}.Debug|Any CPU.ActiveCfg = Debug|Any CPU
		{E0BC6E4C-670C-4D3E-812A-D14B578A5118}.Debug|Any CPU.Build.0 = Debug|Any CPU
		{E0BC6E4C-670C-4D3E-812A-D14B578A5118}.Debug|x64.ActiveCfg = Debug|Any CPU
		{E0BC6E4C-670C-4D3E-812A-D14B578A5118}.Debug|x64.Build.0 = Debug|Any CPU
		{E0BC6E4C-670C-4D3E-812A-D14B578A5118}.Debug|x86.ActiveCfg = Debug|Any CPU
		{E0BC6E4C-670C-4D3E-812A-D14B578A5118}.Debug|x86.Build.0 = Debug|Any CPU
		{E0BC6E4C-670C-4D3E-812A-D14B578A5118}.Release|Any CPU.ActiveCfg = Release|Any CPU
		{E0BC6E4C-670C-4D3E-812A-D14B578A5118}.Release|Any CPU.Build.0 = Release|Any CPU
		{E0BC6E4C-670C-4D3E-812A-D14B578A5118}.Release|x64.ActiveCfg = Release|Any CPU
		{E0BC6E4C-670C-4D3E-812A-D14B578A5118}.Release|x64.Build.0 = Release|Any CPU
		{E0BC6E4C-670C-4D3E-812A-D14B578A5118}.Release|x86.ActiveCfg = Release|Any CPU
		{E0BC6E4C-670C-4D3E-812A-D14B578A5118}.Release|x86.Build.0 = Release|Any CPU
		{8C28414F-D857-44B8-8D92-B6DD2B372612}.Debug|Any CPU.ActiveCfg = Debug|Any CPU
		{8C28414F-D857-44B8-8D92-B6DD2B372612}.Debug|Any CPU.Build.0 = Debug|Any CPU
		{8C28414F-D857-44B8-8D92-B6DD2B372612}.Debug|x64.ActiveCfg = Debug|Any CPU
		{8C28414F-D857-44B8-8D92-B6DD2B372612}.Debug|x64.Build.0 = Debug|Any CPU
		{8C28414F-D857-44B8-8D92-B6DD2B372612}.Debug|x86.ActiveCfg = Debug|Any CPU
		{8C28414F-D857-44B8-8D92-B6DD2B372612}.Debug|x86.Build.0 = Debug|Any CPU
		{8C28414F-D857-44B8-8D92-B6DD2B372612}.Release|Any CPU.ActiveCfg = Release|Any CPU
		{8C28414F-D857-44B8-8D92-B6DD2B372612}.Release|Any CPU.Build.0 = Release|Any CPU
		{8C28414F-D857-44B8-8D92-B6DD2B372612}.Release|x64.ActiveCfg = Release|Any CPU
		{8C28414F-D857-44B8-8D92-B6DD2B372612}.Release|x64.Build.0 = Release|Any CPU
		{8C28414F-D857-44B8-8D92-B6DD2B372612}.Release|x86.ActiveCfg = Release|Any CPU
		{8C28414F-D857-44B8-8D92-B6DD2B372612}.Release|x86.Build.0 = Release|Any CPU
	EndGlobalSection
	GlobalSection(SolutionProperties) = preSolution
		HideSolutionNode = FALSE
	EndGlobalSection
	GlobalSection(NestedProjects) = preSolution
		{FF9F316A-C56B-4F06-975D-7EA8307FC09F} = {69E2E6E5-59CA-7F3A-48AD-0525FCEB71FE}
		{E0BC6E4C-670C-4D3E-812A-D14B578A5118} = {69E2E6E5-59CA-7F3A-48AD-0525FCEB71FE}
		{8C28414F-D857-44B8-8D92-B6DD2B372612} = {69E2E6E5-59CA-7F3A-48AD-0525FCEB71FE}
	EndGlobalSection
EndGlobal
